
Microsoft Visual Studio Solution File, Format Version 12.00
# Visual Studio Version 17
VisualStudioVersion = 17.0.31903.59
MinimumVisualStudioVersion = 10.0.40219.1
Project("{2150E333-8FDC-42A3-9474-1A3956D46DE8}") = "src", "src", "{827E0CD3-B72D-47B6-A68D-7590B98EB39B}"
EndProject
Project("{FAE04EC0-301F-11D3-BF4B-00C04F79EFBC}") = "Hush.Core", "src\Hush.Core\Hush.Core.csproj", "{3ADF4DD6-D730-4D57-96D5-4E2EA1F656BC}"
EndProject
Project("{FAE04EC0-301F-11D3-BF4B-00C04F79EFBC}") = "Hush.App", "src\Hush.App\Hush.App.csproj", "{45208A09-A1D2-4005-B994-3C7382C8A843}"
EndProject
Project("{2150E333-8FDC-42A3-9474-1A3956D46DE8}") = "tests", "tests", "{0AB3BF05-4346-4AA6-1389-037BE0695223}"
EndProject
Project("{FAE04EC0-301F-11D3-BF4B-00C04F79EFBC}") = "Hush.Core.Tests", "tests\Hush.Core.Tests\Hush.Core.Tests.csproj", "{DDFD2C72-CC91-4E90-A3C6-0E30CC9012E3}"
EndProject
Project("{FAE04EC0-301F-11D3-BF4B-00C04F79EFBC}") = "Hush.App.Tests", "tests\Hush.App.Tests\Hush.App.Tests.csproj", "{F19CAA36-09C2-4137-B000-4D3393E6FD34}"
EndProject
Project("{FAE04EC0-301F-11D3-BF4B-00C04F79EFBC}") = "Hush.ConsoleDemo", "src\Hush.ConsoleDemo\Hush.ConsoleDemo.csproj", "{148165F2-A2DB-4936-A1FF-BE99F78B08EF}"
EndProject
Global
	GlobalSection(SolutionConfigurationPlatforms) = preSolution
		Debug|Any CPU = Debug|Any CPU
		Debug|x64 = Debug|x64
		Debug|x86 = Debug|x86
		Release|Any CPU = Release|Any CPU
		Release|x64 = Release|x64
		Release|x86 = Release|x86
	EndGlobalSection
	GlobalSection(ProjectConfigurationPlatforms) = postSolution
		{3ADF4DD6-D730-4D57-96D5-4E2EA1F656BC}.Debug|Any CPU.ActiveCfg = Debug|Any CPU
		{3ADF4DD6-D730-4D57-96D5-4E2EA1F656BC}.Debug|Any CPU.Build.0 = Debug|Any CPU
		{3ADF4DD6-D730-4D57-96D5-4E2EA1F656BC}.Debug|x64.ActiveCfg = Debug|Any CPU
		{3ADF4DD6-D730-4D57-96D5-4E2EA1F656BC}.Debug|x64.Build.0 = Debug|Any CPU
		{3ADF4DD6-D730-4D57-96D5-4E2EA1F656BC}.Debug|x86.ActiveCfg = Debug|Any CPU
		{3ADF4DD6-D730-4D57-96D5-4E2EA1F656BC}.Debug|x86.Build.0 = Debug|Any CPU
		{3ADF4DD6-D730-4D57-96D5-4E2EA1F656BC}.Release|Any CPU.ActiveCfg = Release|Any CPU
		{3ADF4DD6-D730-4D57-96D5-4E2EA1F656BC}.Release|Any CPU.Build.0 = Release|Any CPU
		{3ADF4DD6-D730-4D57-96D5-4E2EA1F656BC}.Release|x64.ActiveCfg = Release|Any CPU
		{3ADF4DD6-D730-4D57-96D5-4E2EA1F656BC}.Release|x64.Build.0 = Release|Any CPU
		{3ADF4DD6-D730-4D57-96D5-4E2EA1F656BC}.Release|x86.ActiveCfg = Release|Any CPU
		{3ADF4DD6-D730-4D57-96D5-4E2EA1F656BC}.Release|x86.Build.0 = Release|Any CPU
		{45208A09-A1D2-4005-B994-3C7382C8A843}.Debug|Any CPU.ActiveCfg = Debug|Any CPU
		{45208A09-A1D2-4005-B994-3C7382C8A843}.Debug|Any CPU.Build.0 = Debug|Any CPU
		{45208A09-A1D2-4005-B994-3C7382C8A843}.Debug|x64.ActiveCfg = Debug|Any CPU
		{45208A09-A1D2-4005-B994-3C7382C8A843}.Debug|x64.Build.0 = Debug|Any CPU
		{45208A09-A1D2-4005-B994-3C7382C8A843}.Debug|x86.ActiveCfg = Debug|Any CPU
		{45208A09-A1D2-4005-B994-3C7382C8A843}.Debug|x86.Build.0 = Debug|Any CPU
		{45208A09-A1D2-4005-B994-3C7382C8A843}.Release|Any CPU.ActiveCfg = Release|Any CPU
		{45208A09-A1D2-4005-B994-3C7382C8A843}.Release|Any CPU.Build.0 = Release|Any CPU
		{45208A09-A1D2-4005-B994-3C7382C8A843}.Release|x64.ActiveCfg = Release|Any CPU
		{45208A09-A1D2-4005-B994-3C7382C8A843}.Release|x64.Build.0 = Release|Any CPU
		{45208A09-A1D2-4005-B994-3C7382C8A843}.Release|x86.ActiveCfg = Release|Any CPU
		{45208A09-A1D2-4005-B994-3C7382C8A843}.Release|x86.Build.0 = Release|Any CPU
		{DDFD2C72-CC91-4E90-A3C6-0E30CC9012E3}.Debug|Any CPU.ActiveCfg = Debug|Any CPU
		{DDFD2C72-CC91-4E90-A3C6-0E30CC9012E3}.Debug|Any CPU.Build.0 = Debug|Any CPU
		{DDFD2C72-CC91-4E90-A3C6-0E30CC9012E3}.Debug|x64.ActiveCfg = Debug|Any CPU
		{DDFD2C72-CC91-4E90-A3C6-0E30CC9012E3}.Debug|x64.Build.0 = Debug|Any CPU
		{DDFD2C72-CC91-4E90-A3C6-0E30CC9012E3}.Debug|x86.ActiveCfg = Debug|Any CPU
		{DDFD2C72-CC91-4E90-A3C6-0E30CC9012E3}.Debug|x86.Build.0 = Debug|Any CPU
		{DDFD2C72-CC91-4E90-A3C6-0E30CC9012E3}.Release|Any CPU.ActiveCfg = Release|Any CPU
		{DDFD2C72-CC91-4E90-A3C6-0E30CC9012E3}.Release|Any CPU.Build.0 = Release|Any CPU
		{DDFD2C72-CC91-4E90-A3C6-0E30CC9012E3}.Release|x64.ActiveCfg = Release|Any CPU
		{DDFD2C72-CC91-4E90-A3C6-0E30CC9012E3}.Release|x64.Build.0 = Release|Any CPU
		{DDFD2C72-CC91-4E90-A3C6-0E30CC9012E3}.Release|x86.ActiveCfg = Release|Any CPU
		{DDFD2C72-CC91-4E90-A3C6-0E30CC9012E3}.Release|x86.Build.0 = Release|Any CPU
		{F19CAA36-09C2-4137-B000-4D3393E6FD34}.Debug|Any CPU.ActiveCfg = Debug|Any CPU
		{F19CAA36-09C2-4137-B000-4D3393E6FD34}.Debug|Any CPU.Build.0 = Debug|Any CPU
		{F19CAA36-09C2-4137-B000-4D3393E6FD34}.Debug|x64.ActiveCfg = Debug|Any CPU
		{F19CAA36-09C2-4137-B000-4D3393E6FD34}.Debug|x64.Build.0 = Debug|Any CPU
		{F19CAA36-09C2-4137-B000-4D3393E6FD34}.Debug|x86.ActiveCfg = Debug|Any CPU
		{F19CAA36-09C2-4137-B000-4D3393E6FD34}.Debug|x86.Build.0 = Debug|Any CPU
		{F19CAA36-09C2-4137-B000-4D3393E6FD34}.Release|Any CPU.ActiveCfg = Release|Any CPU
		{F19CAA36-09C2-4137-B000-4D3393E6FD34}.Release|Any CPU.Build.0 = Release|Any CPU
		{F19CAA36-09C2-4137-B000-4D3393E6FD34}.Release|x64.ActiveCfg = Release|Any CPU
		{F19CAA36-09C2-4137-B000-4D3393E6FD34}.Release|x64.Build.0 = Release|Any CPU
		{F19CAA36-09C2-4137-B000-4D3393E6FD34}.Release|x86.ActiveCfg = Release|Any CPU
		{F19CAA36-09C2-4137-B000-4D3393E6FD34}.Release|x86.Build.0 = Release|Any CPU
		{148165F2-A2DB-4936-A1FF-BE99F78B08EF}.Debug|Any CPU.ActiveCfg = Debug|Any CPU
		{148165F2-A2DB-4936-A1FF-BE99F78B08EF}.Debug|Any CPU.Build.0 = Debug|Any CPU
		{148165F2-A2DB-4936-A1FF-BE99F78B08EF}.Debug|x64.ActiveCfg = Debug|Any CPU
		{148165F2-A2DB-4936-A1FF-BE99F78B08EF}.Debug|x64.Build.0 = Debug|Any CPU
		{148165F2-A2DB-4936-A1FF-BE99F78B08EF}.Debug|x86.ActiveCfg = Debug|Any CPU
		{148165F2-A2DB-4936-A1FF-BE99F78B08EF}.Debug|x86.Build.0 = Debug|Any CPU
		{148165F2-A2DB-4936-A1FF-BE99F78B08EF}.Release|Any CPU.ActiveCfg = Release|Any CPU
		{148165F2-A2DB-4936-A1FF-BE99F78B08EF}.Release|Any CPU.Build.0 = Release|Any CPU
		{148165F2-A2DB-4936-A1FF-BE99F78B08EF}.Release|x64.ActiveCfg = Release|Any CPU
		{148165F2-A2DB-4936-A1FF-BE99F78B08EF}.Release|x64.Build.0 = Release|Any CPU
		{148165F2-A2DB-4936-A1FF-BE99F78B08EF}.Release|x86.ActiveCfg = Release|Any CPU
		{148165F2-A2DB-4936-A1FF-BE99F78B08EF}.Release|x86.Build.0 = Release|Any CPU
	EndGlobalSection
	GlobalSection(SolutionProperties) = preSolution
		HideSolutionNode = FALSE
	EndGlobalSection
	GlobalSection(NestedProjects) = preSolution
		{3ADF4DD6-D730-4D57-96D5-4E2EA1F656BC} = {827E0CD3-B72D-47B6-A68D-7590B98EB39B}
		{45208A09-A1D2-4005-B994-3C7382C8A843} = {827E0CD3-B72D-47B6-A68D-7590B98EB39B}
		{DDFD2C72-CC91-4E90-A3C6-0E30CC9012E3} = {0AB3BF05-4346-4AA6-1389-037BE0695223}
		{F19CAA36-09C2-4137-B000-4D3393E6FD34} = {0AB3BF05-4346-4AA6-1389-037BE0695223}
		{148165F2-A2DB-4936-A1FF-BE99F78B08EF} = {827E0CD3-B72D-47B6-A68D-7590B98EB39B}
	EndGlobalSection
EndGlobal
